{
  "nodes": {
    "fenix": {
      "inputs": {
        "nixpkgs": "nixpkgs",
        "rust-analyzer-src": "rust-analyzer-src"
      },
      "locked": {
        "lastModified": 1712384501,
        "narHash": "sha256-AZmYmEnc1ZkSlxUJVUtGh9VFAqWPr+xtNIiBqD2eKfc=",
        "owner": "nix-community",
        "repo": "fenix",
        "rev": "99c6241db5ca5363c05c8f4acbdf3a4e8fc42844",
        "type": "github"
      },
      "original": {
        "owner": "nix-community",
        "repo": "fenix",
        "type": "github"
      }
    },
    "flake-utils": {
      "inputs": {
        "systems": "systems"
      },
      "locked": {
        "lastModified": 1710146030,
        "narHash": "sha256-SZ5L6eA7HJ/nmkzGG7/ISclqe6oZdOZTNoesiInkXPQ=",
        "owner": "numtide",
        "repo": "flake-utils",
        "rev": "b1d9ab70662946ef0850d488da1c9019f3a9752a",
        "type": "github"
      },
      "original": {
        "owner": "numtide",
        "repo": "flake-utils",
        "type": "github"
      }
    },
    "nixpkgs": {
      "locked": {
        "lastModified": 1712163089,
        "narHash": "sha256-Um+8kTIrC19vD4/lUCN9/cU9kcOsD1O1m+axJqQPyMM=",
        "owner": "nixos",
        "repo": "nixpkgs",
        "rev": "fd281bd6b7d3e32ddfa399853946f782553163b5",
        "type": "github"
      },
      "original": {
        "owner": "nixos",
        "ref": "nixos-unstable",
        "repo": "nixpkgs",
        "type": "github"
      }
    },
    "root": {
      "inputs": {
        "fenix": "fenix",
        "flake-utils": "flake-utils",
        "nixpkgs": [
          "fenix",
          "nixpkgs"
        ],
        "typst": "typst",
        "typst-fmt": "typst-fmt"
      }
    },
    "rust-analyzer-src": {
      "flake": false,
      "locked": {
        "lastModified": 1712156296,
        "narHash": "sha256-St7ZQrkrr5lmQX9wC1ZJAFxL8W7alswnyZk9d1se3Us=",
        "owner": "rust-lang",
        "repo": "rust-analyzer",
        "rev": "8e581ac348e223488622f4d3003cb2bd412bf27e",
        "type": "github"
      },
      "original": {
        "owner": "rust-lang",
        "ref": "nightly",
        "repo": "rust-analyzer",
        "type": "github"
      }
    },
    "systems": {
      "locked": {
        "lastModified": 1681028828,
        "narHash": "sha256-Vy1rq5AaRuLzOxct8nz4T6wlgyUR7zLU309k9mBC768=",
        "owner": "nix-systems",
        "repo": "default",
        "rev": "da67096a3b9bf56a91d16901293e51ba5b49a27e",
        "type": "github"
      },
      "original": {
        "owner": "nix-systems",
        "repo": "default",
        "type": "github"
      }
    },
    "typst": {
      "flake": false,
      "locked": {
        "lastModified": 1691421581,
        "narHash": "sha256-yrtOmlFAKOqAmhCP7n0HQCOQpU3DWyms5foCdUb9QTg=",
        "owner": "typst",
        "repo": "typst",
        "rev": "da8367e189b02918a8fe1a98fd3059fd11a82cd9",
        "type": "github"
      },
      "original": {
        "owner": "typst",
        "ref": "v0.7.0",
        "repo": "typst",
        "type": "github"
      }
    },
    "typst-fmt": {
      "flake": false,
      "locked": {
        "lastModified": 1692070457,
        "narHash": "sha256-qeAiBNpfCRaSpzpwiveR1K4G5aS1CAWcLvKnQU219yc=",
        "owner": "astrale-sharp",
        "repo": "typstfmt",
        "rev": "8404a15628dafa683975ab9e0c5af2d33b2b2e6b",
        "type": "github"
      },
      "original": {
        "owner": "astrale-sharp",
        "ref": "8404a15",
        "repo": "typstfmt",
        "type": "github"
      }
    }
  },
  "root": "root",
  "version": 7
}
